
Microsoft Visual Studio Solution File, Format Version 12.00
# Visual Studio Version 17
VisualStudioVersion = 17.14.36518.9
MinimumVisualStudioVersion = 10.0.40219.1
Project("{9A19103F-16F7-4668-BE54-9A1E7A4F7556}") = "NCPWorkflowHelper", "NCPWorkflowHelper\NCPWorkflowHelper.csproj", "{8B8D4AE5-F744-4B4F-8B4F-C646A96D681B}"
EndProject
Project("{9A19103F-16F7-4668-BE54-9A1E7A4F7556}") = "UIs", "UIs\UIs.csproj", "{365BBE9C-9B9A-41B1-B05E-DF2228D91005}"
EndProject
Project("{9A19103F-16F7-4668-BE54-9A1E7A4F7556}") = "Utility", "Utility\Utility.csproj", "{0E9CFFF4-E7DE-4CD8-A2D8-82ADC3C902D1}"
EndProject
Project("{9A19103F-16F7-4668-BE54-9A1E7A4F7556}") = "JiraWrapper", "JiraWrapper\JiraWrapper.csproj", "{B9DA90F7-E15C-4393-834F-05060EE1FF14}"
EndProject
Project("{FAE04EC0-301F-11D3-BF4B-00C04F79EFBC}") = "Repositories", "Repositories\Repositories.csproj", "{A30B6A95-12E4-442F-8175-D63CA74C51D9}"
EndProject
Project("{FAE04EC0-301F-11D3-BF4B-00C04F79EFBC}") = "BesiAI", "BesiAI\BesiAI.csproj", "{A0CFAE6D-EB8D-406B-AC46-20B218E73F29}"
EndProject
Project("{FAE04EC0-301F-11D3-BF4B-00C04F79EFBC}") = "BitBucket", "BitBucket\BitBucket.csproj", "{CE27C386-D71A-7890-DA7D-934232D9B0C7}"
EndProject
Project("{FAE04EC0-301F-11D3-BF4B-00C04F79EFBC}") = "UserAccountModule", "UserAccountModule\UserAccountModule.csproj", "{0A9E2B70-EE71-4157-9573-88D1B5626F38}"
EndProject
Project("{FAE04EC0-301F-11D3-BF4B-00C04F79EFBC}") = "PatchViewer", "PatchViewer\PatchViewer.csproj", "{55BA0DDD-957A-45F3-8EA4-672CF02D916C}"
EndProject
Global
	GlobalSection(SolutionConfigurationPlatforms) = preSolution
		Debug|Any CPU = Debug|Any CPU
		Debug|x64 = Debug|x64
		Release|Any CPU = Release|Any CPU
		Release|x64 = Release|x64
	EndGlobalSection
	GlobalSection(ProjectConfigurationPlatforms) = postSolution
		{8B8D4AE5-F744-4B4F-8B4F-C646A96D681B}.Debug|Any CPU.ActiveCfg = Debug|Any CPU
		{8B8D4AE5-F744-4B4F-8B4F-C646A96D681B}.Debug|Any CPU.Build.0 = Debug|Any CPU
		{8B8D4AE5-F744-4B4F-8B4F-C646A96D681B}.Debug|x64.ActiveCfg = Debug|x64
		{8B8D4AE5-F744-4B4F-8B4F-C646A96D681B}.Debug|x64.Build.0 = Debug|x64
		{8B8D4AE5-F744-4B4F-8B4F-C646A96D681B}.Release|Any CPU.ActiveCfg = Release|Any CPU
		{8B8D4AE5-F744-4B4F-8B4F-C646A96D681B}.Release|Any CPU.Build.0 = Release|Any CPU
		{8B8D4AE5-F744-4B4F-8B4F-C646A96D681B}.Release|x64.ActiveCfg = Release|x64
		{8B8D4AE5-F744-4B4F-8B4F-C646A96D681B}.Release|x64.Build.0 = Release|x64
		{365BBE9C-9B9A-41B1-B05E-DF2228D91005}.Debug|Any CPU.ActiveCfg = Debug|Any CPU
		{365BBE9C-9B9A-41B1-B05E-DF2228D91005}.Debug|Any CPU.Build.0 = Debug|Any CPU
		{365BBE9C-9B9A-41B1-B05E-DF2228D91005}.Debug|x64.ActiveCfg = Debug|x64
		{365BBE9C-9B9A-41B1-B05E-DF2228D91005}.Debug|x64.Build.0 = Debug|x64
		{365BBE9C-9B9A-41B1-B05E-DF2228D91005}.Release|Any CPU.ActiveCfg = Release|Any CPU
		{365BBE9C-9B9A-41B1-B05E-DF2228D91005}.Release|Any CPU.Build.0 = Release|Any CPU
		{365BBE9C-9B9A-41B1-B05E-DF2228D91005}.Release|x64.ActiveCfg = Release|x64
		{365BBE9C-9B9A-41B1-B05E-DF2228D91005}.Release|x64.Build.0 = Release|x64
		{0E9CFFF4-E7DE-4CD8-A2D8-82ADC3C902D1}.Debug|Any CPU.ActiveCfg = Debug|Any CPU
		{0E9CFFF4-E7DE-4CD8-A2D8-82ADC3C902D1}.Debug|Any CPU.Build.0 = Debug|Any CPU
		{0E9CFFF4-E7DE-4CD8-A2D8-82ADC3C902D1}.Debug|x64.ActiveCfg = Debug|x64
		{0E9CFFF4-E7DE-4CD8-A2D8-82ADC3C902D1}.Debug|x64.Build.0 = Debug|x64
		{0E9CFFF4-E7DE-4CD8-A2D8-82ADC3C902D1}.Release|Any CPU.ActiveCfg = Release|Any CPU
		{0E9CFFF4-E7DE-4CD8-A2D8-82ADC3C902D1}.Release|Any CPU.Build.0 = Release|Any CPU
		{0E9CFFF4-E7DE-4CD8-A2D8-82ADC3C902D1}.Release|x64.ActiveCfg = Release|x64
		{0E9CFFF4-E7DE-4CD8-A2D8-82ADC3C902D1}.Release|x64.Build.0 = Release|x64
		{B9DA90F7-E15C-4393-834F-05060EE1FF14}.Debug|Any CPU.ActiveCfg = Debug|Any CPU
		{B9DA90F7-E15C-4393-834F-05060EE1FF14}.Debug|Any CPU.Build.0 = Debug|Any CPU
		{B9DA90F7-E15C-4393-834F-05060EE1FF14}.Debug|x64.ActiveCfg = Debug|x64
		{B9DA90F7-E15C-4393-834F-05060EE1FF14}.Debug|x64.Build.0 = Debug|x64
		{B9DA90F7-E15C-4393-834F-05060EE1FF14}.Release|Any CPU.ActiveCfg = Release|Any CPU
		{B9DA90F7-E15C-4393-834F-05060EE1FF14}.Release|Any CPU.Build.0 = Release|Any CPU
		{B9DA90F7-E15C-4393-834F-05060EE1FF14}.Release|x64.ActiveCfg = Release|x64
		{B9DA90F7-E15C-4393-834F-05060EE1FF14}.Release|x64.Build.0 = Release|x64
		{A30B6A95-12E4-442F-8175-D63CA74C51D9}.Debug|Any CPU.ActiveCfg = Debug|Any CPU
		{A30B6A95-12E4-442F-8175-D63CA74C51D9}.Debug|Any CPU.Build.0 = Debug|Any CPU
		{A30B6A95-12E4-442F-8175-D63CA74C51D9}.Debug|x64.ActiveCfg = Debug|x64
		{A30B6A95-12E4-442F-8175-D63CA74C51D9}.Debug|x64.Build.0 = Debug|x64
		{A30B6A95-12E4-442F-8175-D63CA74C51D9}.Release|Any CPU.ActiveCfg = Release|Any CPU
		{A30B6A95-12E4-442F-8175-D63CA74C51D9}.Release|Any CPU.Build.0 = Release|Any CPU
		{A30B6A95-12E4-442F-8175-D63CA74C51D9}.Release|x64.ActiveCfg = Release|x64
		{A30B6A95-12E4-442F-8175-D63CA74C51D9}.Release|x64.Build.0 = Release|x64
		{A0CFAE6D-EB8D-406B-AC46-20B218E73F29}.Debug|Any CPU.ActiveCfg = Debug|Any CPU
		{A0CFAE6D-EB8D-406B-AC46-20B218E73F29}.Debug|Any CPU.Build.0 = Debug|Any CPU
		{A0CFAE6D-EB8D-406B-AC46-20B218E73F29}.Debug|x64.ActiveCfg = Debug|x64
		{A0CFAE6D-EB8D-406B-AC46-20B218E73F29}.Debug|x64.Build.0 = Debug|x64
		{A0CFAE6D-EB8D-406B-AC46-20B218E73F29}.Release|Any CPU.ActiveCfg = Release|Any CPU
		{A0CFAE6D-EB8D-406B-AC46-20B218E73F29}.Release|Any CPU.Build.0 = Release|Any CPU
		{A0CFAE6D-EB8D-406B-AC46-20B218E73F29}.Release|x64.ActiveCfg = Release|x64
		{A0CFAE6D-EB8D-406B-AC46-20B218E73F29}.Release|x64.Build.0 = Release|x64
		{CE27C386-D71A-7890-DA7D-934232D9B0C7}.Debug|Any CPU.ActiveCfg = Debug|Any CPU
		{CE27C386-D71A-7890-DA7D-934232D9B0C7}.Debug|Any CPU.Build.0 = Debug|Any CPU
		{CE27C386-D71A-7890-DA7D-934232D9B0C7}.Debug|x64.ActiveCfg = Debug|x64
		{CE27C386-D71A-7890-DA7D-934232D9B0C7}.Debug|x64.Build.0 = Debug|x64
		{CE27C386-D71A-7890-DA7D-934232D9B0C7}.Release|Any CPU.ActiveCfg = Release|Any CPU
		{CE27C386-D71A-7890-DA7D-934232D9B0C7}.Release|Any CPU.Build.0 = Release|Any CPU
		{CE27C386-D71A-7890-DA7D-934232D9B0C7}.Release|x64.ActiveCfg = Release|x64
		{CE27C386-D71A-7890-DA7D-934232D9B0C7}.Release|x64.Build.0 = Release|x64
		{0A9E2B70-EE71-4157-9573-88D1B5626F38}.Debug|Any CPU.ActiveCfg = Debug|Any CPU
		{0A9E2B70-EE71-4157-9573-88D1B5626F38}.Debug|Any CPU.Build.0 = Debug|Any CPU
		{0A9E2B70-EE71-4157-9573-88D1B5626F38}.Debug|x64.ActiveCfg = Debug|x64
		{0A9E2B70-EE71-4157-9573-88D1B5626F38}.Debug|x64.Build.0 = Debug|x64
		{0A9E2B70-EE71-4157-9573-88D1B5626F38}.Release|Any CPU.ActiveCfg = Release|Any CPU
		{0A9E2B70-EE71-4157-9573-88D1B5626F38}.Release|Any CPU.Build.0 = Release|Any CPU
		{0A9E2B70-EE71-4157-9573-88D1B5626F38}.Release|x64.ActiveCfg = Release|x64
		{0A9E2B70-EE71-4157-9573-88D1B5626F38}.Release|x64.Build.0 = Release|x64
		{55BA0DDD-957A-45F3-8EA4-672CF02D916C}.Debug|Any CPU.ActiveCfg = Debug|Any CPU
		{55BA0DDD-957A-45F3-8EA4-672CF02D916C}.Debug|Any CPU.Build.0 = Debug|Any CPU
		{55BA0DDD-957A-45F3-8EA4-672CF02D916C}.Debug|x64.ActiveCfg = Debug|x64
		{55BA0DDD-957A-45F3-8EA4-672CF02D916C}.Debug|x64.Build.0 = Debug|x64
		{55BA0DDD-957A-45F3-8EA4-672CF02D916C}.Release|Any CPU.ActiveCfg = Release|Any CPU
		{55BA0DDD-957A-45F3-8EA4-672CF02D916C}.Release|Any CPU.Build.0 = Release|Any CPU
		{55BA0DDD-957A-45F3-8EA4-672CF02D916C}.Release|x64.ActiveCfg = Release|x64
		{55BA0DDD-957A-45F3-8EA4-672CF02D916C}.Release|x64.Build.0 = Release|x64
	EndGlobalSection
	GlobalSection(SolutionProperties) = preSolution
		HideSolutionNode = FALSE
	EndGlobalSection
	GlobalSection(ExtensibilityGlobals) = postSolution
		SolutionGuid = {C242DEBD-5B00-4F97-B959-60B115511B32}
	EndGlobalSection
EndGlobal
